// !$*UTF8*$!
{
	archiveVersion = 1;
	classes = {
	};
	objectVersion = 46;
	objects = {

/* Begin PBXBuildFile section */
		B5108B2A1C044F34005F6CC6 /* UserQuestionReq.m in Sources */ = {isa = PBXBuildFile; fileRef = B5108B291C044F34005F6CC6 /* UserQuestionReq.m */; };
		B5108B2D1C045139005F6CC6 /* ResetPwdReq.m in Sources */ = {isa = PBXBuildFile; fileRef = B5108B2C1C045139005F6CC6 /* ResetPwdReq.m */; };
		B5108B301C045C0D005F6CC6 /* MainTabVC.m in Sources */ = {isa = PBXBuildFile; fileRef = B5108B2F1C045C0D005F6CC6 /* MainTabVC.m */; };
		B5108B341C045C80005F6CC6 /* HomeVC.m in Sources */ = {isa = PBXBuildFile; fileRef = B5108B321C045C80005F6CC6 /* HomeVC.m */; };
		B5108B351C045C80005F6CC6 /* HomeVC.xib in Resources */ = {isa = PBXBuildFile; fileRef = B5108B331C045C80005F6CC6 /* HomeVC.xib */; };
		B5108B391C045CE7005F6CC6 /* RankVC.m in Sources */ = {isa = PBXBuildFile; fileRef = B5108B371C045CE7005F6CC6 /* RankVC.m */; };
		B5108B3A1C045CE7005F6CC6 /* RankVC.xib in Resources */ = {isa = PBXBuildFile; fileRef = B5108B381C045CE7005F6CC6 /* RankVC.xib */; };
		B5108B3E1C045D0C005F6CC6 /* MemberVC.m in Sources */ = {isa = PBXBuildFile; fileRef = B5108B3C1C045D0C005F6CC6 /* MemberVC.m */; };
		B5108B3F1C045D0C005F6CC6 /* MemberVC.xib in Resources */ = {isa = PBXBuildFile; fileRef = B5108B3D1C045D0C005F6CC6 /* MemberVC.xib */; };
		B51A02B51C084B6B00610020 /* ChooseItemCountView.m in Sources */ = {isa = PBXBuildFile; fileRef = B51A02B41C084B6B00610020 /* ChooseItemCountView.m */; };
		B51A02B71C084B8300610020 /* ChooseItemCountView.xib in Resources */ = {isa = PBXBuildFile; fileRef = B51A02B61C084B8300610020 /* ChooseItemCountView.xib */; };
		B51A02BB1C0850AE00610020 /* PowerInfoReq.m in Sources */ = {isa = PBXBuildFile; fileRef = B51A02BA1C0850AE00610020 /* PowerInfoReq.m */; };
		B53660AE1C05A10400D09686 /* EditPhotoReq.m in Sources */ = {isa = PBXBuildFile; fileRef = B53660AD1C05A10400D09686 /* EditPhotoReq.m */; };
		B53660B21C05AC1700D09686 /* InputView.m in Sources */ = {isa = PBXBuildFile; fileRef = B53660B11C05AC1700D09686 /* InputView.m */; };
		B53660B51C05BBA500D09686 /* EditNameReq.m in Sources */ = {isa = PBXBuildFile; fileRef = B53660B41C05BBA500D09686 /* EditNameReq.m */; };
		B53660BC1C06ADBA00D09686 /* TipView.m in Sources */ = {isa = PBXBuildFile; fileRef = B53660BB1C06ADBA00D09686 /* TipView.m */; };
		B53660C01C06EB4200D09686 /* LevelVC.m in Sources */ = {isa = PBXBuildFile; fileRef = B53660BE1C06EB4200D09686 /* LevelVC.m */; };
		B53660C11C06EB4200D09686 /* LevelVC.xib in Resources */ = {isa = PBXBuildFile; fileRef = B53660BF1C06EB4200D09686 /* LevelVC.xib */; };
		B53660C51C06ECC900D09686 /* LevelView.m in Sources */ = {isa = PBXBuildFile; fileRef = B53660C41C06ECC900D09686 /* LevelView.m */; };
		B570C5871C11C69B008A2C3F /* LevelGameVC.m in Sources */ = {isa = PBXBuildFile; fileRef = B570C5851C11C69B008A2C3F /* LevelGameVC.m */; };
		B570C5881C11C69B008A2C3F /* LevelGameVC.xib in Resources */ = {isa = PBXBuildFile; fileRef = B570C5861C11C69B008A2C3F /* LevelGameVC.xib */; };
		B570C58C1C11C784008A2C3F /* TextDrawView.m in Sources */ = {isa = PBXBuildFile; fileRef = B570C58B1C11C784008A2C3F /* TextDrawView.m */; };
		B570C5B11C11C7AF008A2C3F /* bomb.sks in Resources */ = {isa = PBXBuildFile; fileRef = B570C58E1C11C7AF008A2C3F /* bomb.sks */; };
		B570C5B21C11C7AF008A2C3F /* bullet.sks in Resources */ = {isa = PBXBuildFile; fileRef = B570C58F1C11C7AF008A2C3F /* bullet.sks */; };
		B570C5B31C11C7AF008A2C3F /* GameDefine.m in Sources */ = {isa = PBXBuildFile; fileRef = B570C5911C11C7AF008A2C3F /* GameDefine.m */; };
		B570C5B41C11C7AF008A2C3F /* GameEnemy.m in Sources */ = {isa = PBXBuildFile; fileRef = B570C5931C11C7AF008A2C3F /* GameEnemy.m */; };
		B570C5B51C11C7AF008A2C3F /* GameUser.m in Sources */ = {isa = PBXBuildFile; fileRef = B570C5951C11C7AF008A2C3F /* GameUser.m */; };
		B570C5B61C11C7AF008A2C3F /* laser.sks in Resources */ = {isa = PBXBuildFile; fileRef = B570C5961C11C7AF008A2C3F /* laser.sks */; };
		B570C5B71C11C7AF008A2C3F /* BarrierPower.m in Sources */ = {isa = PBXBuildFile; fileRef = B570C5991C11C7AF008A2C3F /* BarrierPower.m */; };
		B570C5B81C11C7AF008A2C3F /* BombPower.m in Sources */ = {isa = PBXBuildFile; fileRef = B570C59B1C11C7AF008A2C3F /* BombPower.m */; };
		B570C5B91C11C7AF008A2C3F /* BulletPower.m in Sources */ = {isa = PBXBuildFile; fileRef = B570C59D1C11C7AF008A2C3F /* BulletPower.m */; };
		B570C5BA1C11C7AF008A2C3F /* EnemyPower.m in Sources */ = {isa = PBXBuildFile; fileRef = B570C59F1C11C7AF008A2C3F /* EnemyPower.m */; };
		B570C5BB1C11C7AF008A2C3F /* LaserPower.m in Sources */ = {isa = PBXBuildFile; fileRef = B570C5A11C11C7AF008A2C3F /* LaserPower.m */; };
		B570C5BC1C11C7AF008A2C3F /* MoneyPower.m in Sources */ = {isa = PBXBuildFile; fileRef = B570C5A31C11C7AF008A2C3F /* MoneyPower.m */; };
		B570C5BD1C11C7AF008A2C3F /* MyPower.m in Sources */ = {isa = PBXBuildFile; fileRef = B570C5A51C11C7AF008A2C3F /* MyPower.m */; };
		B570C5BE1C11C7AF008A2C3F /* TimePower.m in Sources */ = {isa = PBXBuildFile; fileRef = B570C5A71C11C7AF008A2C3F /* TimePower.m */; };
		B570C5BF1C11C7AF008A2C3F /* spark.png in Resources */ = {isa = PBXBuildFile; fileRef = B570C5A81C11C7AF008A2C3F /* spark.png */; };
		B570C5C01C11C7AF008A2C3F /* ViewGame.m in Sources */ = {isa = PBXBuildFile; fileRef = B570C5AA1C11C7AF008A2C3F /* ViewGame.m */; };
		B570C5C11C11C7AF008A2C3F /* ViewGame.xib in Resources */ = {isa = PBXBuildFile; fileRef = B570C5AB1C11C7AF008A2C3F /* ViewGame.xib */; };
		B570C5C21C11C7AF008A2C3F /* ViewSence.m in Sources */ = {isa = PBXBuildFile; fileRef = B570C5AE1C11C7AF008A2C3F /* ViewSence.m */; };
		B570C5C31C11C7AF008A2C3F /* ViewTexture.m in Sources */ = {isa = PBXBuildFile; fileRef = B570C5B01C11C7AF008A2C3F /* ViewTexture.m */; };
		B570C5C61C11CBE0008A2C3F /* LevelStartReq.m in Sources */ = {isa = PBXBuildFile; fileRef = B570C5C51C11CBE0008A2C3F /* LevelStartReq.m */; };
		B570C5CA1C131694008A2C3F /* ItemView.m in Sources */ = {isa = PBXBuildFile; fileRef = B570C5C91C131694008A2C3F /* ItemView.m */; };
		B570C5CE1C13D387008A2C3F /* ChooseView.m in Sources */ = {isa = PBXBuildFile; fileRef = B570C5CD1C13D387008A2C3F /* ChooseView.m */; };
		B57722811C046F6300EE189E /* TypeCell.m in Sources */ = {isa = PBXBuildFile; fileRef = B57722801C046F6300EE189E /* TypeCell.m */; };
		B57722831C046F7300EE189E /* TypeCell.xib in Resources */ = {isa = PBXBuildFile; fileRef = B57722821C046F7300EE189E /* TypeCell.xib */; };
		B57722861C04712D00EE189E /* TypeItem.m in Sources */ = {isa = PBXBuildFile; fileRef = B57722851C04712D00EE189E /* TypeItem.m */; };
		B577228D1C04AE9700EE189E /* RankCell.m in Sources */ = {isa = PBXBuildFile; fileRef = B577228C1C04AE9700EE189E /* RankCell.m */; };
		B577228F1C04AEA400EE189E /* RankCell.xib in Resources */ = {isa = PBXBuildFile; fileRef = B577228E1C04AEA400EE189E /* RankCell.xib */; };
		B57722921C04AFE400EE189E /* RankItem.m in Sources */ = {isa = PBXBuildFile; fileRef = B57722911C04AFE400EE189E /* RankItem.m */; };
		B58211F21BFEEE6500168A57 /* main.m in Sources */ = {isa = PBXBuildFile; fileRef = B58211F11BFEEE6500168A57 /* main.m */; };
		B58211F51BFEEE6500168A57 /* AppDelegate.m in Sources */ = {isa = PBXBuildFile; fileRef = B58211F41BFEEE6500168A57 /* AppDelegate.m */; };
		B58211FD1BFEEE6500168A57 /* Assets.xcassets in Resources */ = {isa = PBXBuildFile; fileRef = B58211FC1BFEEE6500168A57 /* Assets.xcassets */; };
		B58212001BFEEE6500168A57 /* LaunchScreen.storyboard in Resources */ = {isa = PBXBuildFile; fileRef = B58211FE1BFEEE6500168A57 /* LaunchScreen.storyboard */; };
		B582120E1BFEFB1B00168A57 /* Game.xcassets in Resources */ = {isa = PBXBuildFile; fileRef = B582120D1BFEFB1B00168A57 /* Game.xcassets */; };
		B58212161BFEFBD000168A57 /* BaseViewController.m in Sources */ = {isa = PBXBuildFile; fileRef = B58212151BFEFBD000168A57 /* BaseViewController.m */; };
		B582121F1BFEFD5300168A57 /* HUDLoading1.png in Resources */ = {isa = PBXBuildFile; fileRef = B58212181BFEFD5300168A57 /* HUDLoading1.png */; };
		B58212201BFEFD5300168A57 /* HUDLoading2.png in Resources */ = {isa = PBXBuildFile; fileRef = B58212191BFEFD5300168A57 /* HUDLoading2.png */; };
		B58212211BFEFD5300168A57 /* HUDLoading3.png in Resources */ = {isa = PBXBuildFile; fileRef = B582121A1BFEFD5300168A57 /* HUDLoading3.png */; };
		B58212221BFEFD5300168A57 /* HUDLoading4.png in Resources */ = {isa = PBXBuildFile; fileRef = B582121B1BFEFD5300168A57 /* HUDLoading4.png */; };
		B58212231BFEFD5300168A57 /* HUDLoading5.png in Resources */ = {isa = PBXBuildFile; fileRef = B582121C1BFEFD5300168A57 /* HUDLoading5.png */; };
		B58212241BFEFD5300168A57 /* HUDLoading6.png in Resources */ = {isa = PBXBuildFile; fileRef = B582121D1BFEFD5300168A57 /* HUDLoading6.png */; };
		B58212251BFEFD5300168A57 /* HUDLoading7.png in Resources */ = {isa = PBXBuildFile; fileRef = B582121E1BFEFD5300168A57 /* HUDLoading7.png */; };
		B58212291BFEFD7F00168A57 /* LoginVC.m in Sources */ = {isa = PBXBuildFile; fileRef = B58212271BFEFD7F00168A57 /* LoginVC.m */; };
		B582122A1BFEFD7F00168A57 /* LoginVC.xib in Resources */ = {isa = PBXBuildFile; fileRef = B58212281BFEFD7F00168A57 /* LoginVC.xib */; };
		B582122E1BFF094B00168A57 /* Util.m in Sources */ = {isa = PBXBuildFile; fileRef = B582122D1BFF094B00168A57 /* Util.m */; };
		B58212311BFF1B7100168A57 /* BaseReq.m in Sources */ = {isa = PBXBuildFile; fileRef = B58212301BFF1B7100168A57 /* BaseReq.m */; };
		B58212351BFF255500168A57 /* CheckUserNameReq.m in Sources */ = {isa = PBXBuildFile; fileRef = B58212341BFF255500168A57 /* CheckUserNameReq.m */; };
		B5977F6A1C02BED000175174 /* LoginInputView.m in Sources */ = {isa = PBXBuildFile; fileRef = B5977F691C02BED000175174 /* LoginInputView.m */; };
		B5977F6E1C02FDBB00175174 /* UserDefaults.m in Sources */ = {isa = PBXBuildFile; fileRef = B5977F6D1C02FDBB00175174 /* UserDefaults.m */; };
		B5977F711C03004000175174 /* UserInfoReq.m in Sources */ = {isa = PBXBuildFile; fileRef = B5977F701C03004000175174 /* UserInfoReq.m */; };
		B5977F751C03465900175174 /* RegisterVC.m in Sources */ = {isa = PBXBuildFile; fileRef = B5977F731C03465900175174 /* RegisterVC.m */; };
		B5977F761C03465900175174 /* RegisterVC.xib in Resources */ = {isa = PBXBuildFile; fileRef = B5977F741C03465900175174 /* RegisterVC.xib */; };
		B5977F781C034B3200175174 /* back.png in Resources */ = {isa = PBXBuildFile; fileRef = B5977F771C034B3200175174 /* back.png */; };
		B5977F7C1C03507600175174 /* RegisterFinishVC.m in Sources */ = {isa = PBXBuildFile; fileRef = B5977F7A1C03507600175174 /* RegisterFinishVC.m */; };
		B5977F7D1C03507600175174 /* RegisterFinishVC.xib in Resources */ = {isa = PBXBuildFile; fileRef = B5977F7B1C03507600175174 /* RegisterFinishVC.xib */; };
		B5977F8B1C035A3600175174 /* cellcheck.png in Resources */ = {isa = PBXBuildFile; fileRef = B5977F801C035A3600175174 /* cellcheck.png */; };
		B5977F8C1C035A3600175174 /* SGActionView.m in Sources */ = {isa = PBXBuildFile; fileRef = B5977F821C035A3600175174 /* SGActionView.m */; };
		B5977F8D1C035A3600175174 /* SGAlertMenu.m in Sources */ = {isa = PBXBuildFile; fileRef = B5977F841C035A3600175174 /* SGAlertMenu.m */; };
		B5977F8E1C035A3600175174 /* SGBaseMenu.m in Sources */ = {isa = PBXBuildFile; fileRef = B5977F861C035A3600175174 /* SGBaseMenu.m */; };
		B5977F8F1C035A3600175174 /* SGGridMenu.m in Sources */ = {isa = PBXBuildFile; fileRef = B5977F881C035A3600175174 /* SGGridMenu.m */; };
		B5977F901C035A3600175174 /* SGSheetMenu.m in Sources */ = {isa = PBXBuildFile; fileRef = B5977F8A1C035A3600175174 /* SGSheetMenu.m */; };
		B5977F941C035B3A00175174 /* SliderView.m in Sources */ = {isa = PBXBuildFile; fileRef = B5977F931C035B3A00175174 /* SliderView.m */; };
		B5977F981C035BD100175174 /* slidercenter.png in Resources */ = {isa = PBXBuildFile; fileRef = B5977F961C035BD100175174 /* slidercenter.png */; };
		B5977F991C035BD100175174 /* slidertag.png in Resources */ = {isa = PBXBuildFile; fileRef = B5977F971C035BD100175174 /* slidertag.png */; };
		B5977F9C1C036BCE00175174 /* RegisterReq.m in Sources */ = {isa = PBXBuildFile; fileRef = B5977F9B1C036BCE00175174 /* RegisterReq.m */; };
		B5977FA01C0406D400175174 /* ForgotVC.m in Sources */ = {isa = PBXBuildFile; fileRef = B5977F9E1C0406D400175174 /* ForgotVC.m */; };
		B5977FA11C0406D400175174 /* ForgotVC.xib in Resources */ = {isa = PBXBuildFile; fileRef = B5977F9F1C0406D400175174 /* ForgotVC.xib */; };
		B5977FA51C040A0500175174 /* ForgotFinishVC.m in Sources */ = {isa = PBXBuildFile; fileRef = B5977FA31C040A0500175174 /* ForgotFinishVC.m */; };
		B5977FA61C040A0500175174 /* ForgotFinishVC.xib in Resources */ = {isa = PBXBuildFile; fileRef = B5977FA41C040A0500175174 /* ForgotFinishVC.xib */; };
		B5C3DE4C1C13DE8D00CA1C51 /* PreStartView.m in Sources */ = {isa = PBXBuildFile; fileRef = B5C3DE4B1C13DE8D00CA1C51 /* PreStartView.m */; };
		B5C3DE4F1C146E8400CA1C51 /* LevelLeaveReq.m in Sources */ = {isa = PBXBuildFile; fileRef = B5C3DE4E1C146E8400CA1C51 /* LevelLeaveReq.m */; };
		B5CD9DCF1C0750DA00DABCAA /* LevelInfoReq.m in Sources */ = {isa = PBXBuildFile; fileRef = B5CD9DCE1C0750DA00DABCAA /* LevelInfoReq.m */; };
		B5CD9DD31C07FA1800DABCAA /* LevelSetVC.m in Sources */ = {isa = PBXBuildFile; fileRef = B5CD9DD11C07FA1800DABCAA /* LevelSetVC.m */; };
		B5CD9DD41C07FA1800DABCAA /* LevelSetVC.xib in Resources */ = {isa = PBXBuildFile; fileRef = B5CD9DD21C07FA1800DABCAA /* LevelSetVC.xib */; };
		B5CD9DDA1C080CBD00DABCAA /* LevelEnterReq.m in Sources */ = {isa = PBXBuildFile; fileRef = B5CD9DD91C080CBD00DABCAA /* LevelEnterReq.m */; };
		B5CD9DDD1C082C7E00DABCAA /* EnemyCell.m in Sources */ = {isa = PBXBuildFile; fileRef = B5CD9DDC1C082C7E00DABCAA /* EnemyCell.m */; };
		B5CD9DDF1C082D5500DABCAA /* EnemyCell.xib in Resources */ = {isa = PBXBuildFile; fileRef = B5CD9DDE1C082D5500DABCAA /* EnemyCell.xib */; };
		B5CD9DE21C08307F00DABCAA /* EnemyItem.m in Sources */ = {isa = PBXBuildFile; fileRef = B5CD9DE11C08307F00DABCAA /* EnemyItem.m */; };
		B5CD9DE61C0835E700DABCAA /* PeopleInfoReq.m in Sources */ = {isa = PBXBuildFile; fileRef = B5CD9DE51C0835E700DABCAA /* PeopleInfoReq.m */; };
		EA1CEEFF16BD0DE8FA5C634F /* libPods.a in Frameworks */ = {isa = PBXBuildFile; fileRef = B9C3C977378AD53916E63570 /* libPods.a */; };
/* End PBXBuildFile section */

/* Begin PBXFileReference section */
		012E798E76C4260698B6DEF4 /* Pods.debug.xcconfig */ = {isa = PBXFileReference; includeInIndex = 1; lastKnownFileType = text.xcconfig; name = Pods.debug.xcconfig; path = "Pods/Target Support Files/Pods/Pods.debug.xcconfig"; sourceTree = "<group>"; };
		314F08315C612BD5D16A7BF1 /* Pods.release.xcconfig */ = {isa = PBXFileReference; includeInIndex = 1; lastKnownFileType = text.xcconfig; name = Pods.release.xcconfig; path = "Pods/Target Support Files/Pods/Pods.release.xcconfig"; sourceTree = "<group>"; };
		B5108B281C044F34005F6CC6 /* UserQuestionReq.h */ = {isa = PBXFileReference; fileEncoding = 4; lastKnownFileType = sourcecode.c.h; path = UserQuestionReq.h; sourceTree = "<group>"; };
		B5108B291C044F34005F6CC6 /* UserQuestionReq.m */ = {isa = PBXFileReference; fileEncoding = 4; lastKnownFileType = sourcecode.c.objc; path = UserQuestionReq.m; sourceTree = "<group>"; };
		B5108B2B1C045139005F6CC6 /* ResetPwdReq.h */ = {isa = PBXFileReference; fileEncoding = 4; lastKnownFileType = sourcecode.c.h; path = ResetPwdReq.h; sourceTree = "<group>"; };
		B5108B2C1C045139005F6CC6 /* ResetPwdReq.m */ = {isa = PBXFileReference; fileEncoding = 4; lastKnownFileType = sourcecode.c.objc; path = ResetPwdReq.m; sourceTree = "<group>"; };
		B5108B2E1C045C0D005F6CC6 /* MainTabVC.h */ = {isa = PBXFileReference; fileEncoding = 4; lastKnownFileType = sourcecode.c.h; path = MainTabVC.h; sourceTree = "<group>"; };
		B5108B2F1C045C0D005F6CC6 /* MainTabVC.m */ = {isa = PBXFileReference; fileEncoding = 4; lastKnownFileType = sourcecode.c.objc; path = MainTabVC.m; sourceTree = "<group>"; };
		B5108B311C045C80005F6CC6 /* HomeVC.h */ = {isa = PBXFileReference; fileEncoding = 4; lastKnownFileType = sourcecode.c.h; path = HomeVC.h; sourceTree = "<group>"; };
		B5108B321C045C80005F6CC6 /* HomeVC.m */ = {isa = PBXFileReference; fileEncoding = 4; lastKnownFileType = sourcecode.c.objc; path = HomeVC.m; sourceTree = "<group>"; };
		B5108B331C045C80005F6CC6 /* HomeVC.xib */ = {isa = PBXFileReference; fileEncoding = 4; lastKnownFileType = file.xib; path = HomeVC.xib; sourceTree = "<group>"; };
		B5108B361C045CE7005F6CC6 /* RankVC.h */ = {isa = PBXFileReference; fileEncoding = 4; lastKnownFileType = sourcecode.c.h; path = RankVC.h; sourceTree = "<group>"; };
		B5108B371C045CE7005F6CC6 /* RankVC.m */ = {isa = PBXFileReference; fileEncoding = 4; lastKnownFileType = sourcecode.c.objc; path = RankVC.m; sourceTree = "<group>"; };
		B5108B381C045CE7005F6CC6 /* RankVC.xib */ = {isa = PBXFileReference; fileEncoding = 4; lastKnownFileType = file.xib; path = RankVC.xib; sourceTree = "<group>"; };
		B5108B3B1C045D0C005F6CC6 /* MemberVC.h */ = {isa = PBXFileReference; fileEncoding = 4; lastKnownFileType = sourcecode.c.h; path = MemberVC.h; sourceTree = "<group>"; };
		B5108B3C1C045D0C005F6CC6 /* MemberVC.m */ = {isa = PBXFileReference; fileEncoding = 4; lastKnownFileType = sourcecode.c.objc; path = MemberVC.m; sourceTree = "<group>"; };
		B5108B3D1C045D0C005F6CC6 /* MemberVC.xib */ = {isa = PBXFileReference; fileEncoding = 4; lastKnownFileType = file.xib; path = MemberVC.xib; sourceTree = "<group>"; };
		B51A02B31C084B6B00610020 /* ChooseItemCountView.h */ = {isa = PBXFileReference; fileEncoding = 4; lastKnownFileType = sourcecode.c.h; path = ChooseItemCountView.h; sourceTree = "<group>"; };
		B51A02B41C084B6B00610020 /* ChooseItemCountView.m */ = {isa = PBXFileReference; fileEncoding = 4; lastKnownFileType = sourcecode.c.objc; path = ChooseItemCountView.m; sourceTree = "<group>"; };
		B51A02B61C084B8300610020 /* ChooseItemCountView.xib */ = {isa = PBXFileReference; fileEncoding = 4; lastKnownFileType = file.xib; path = ChooseItemCountView.xib; sourceTree = "<group>"; };
		B51A02B91C0850AE00610020 /* PowerInfoReq.h */ = {isa = PBXFileReference; fileEncoding = 4; lastKnownFileType = sourcecode.c.h; path = PowerInfoReq.h; sourceTree = "<group>"; };
		B51A02BA1C0850AE00610020 /* PowerInfoReq.m */ = {isa = PBXFileReference; fileEncoding = 4; lastKnownFileType = sourcecode.c.objc; path = PowerInfoReq.m; sourceTree = "<group>"; };
		B53660AC1C05A10400D09686 /* EditPhotoReq.h */ = {isa = PBXFileReference; fileEncoding = 4; lastKnownFileType = sourcecode.c.h; path = EditPhotoReq.h; sourceTree = "<group>"; };
		B53660AD1C05A10400D09686 /* EditPhotoReq.m */ = {isa = PBXFileReference; fileEncoding = 4; lastKnownFileType = sourcecode.c.objc; path = EditPhotoReq.m; sourceTree = "<group>"; };
		B53660B01C05AC1700D09686 /* InputView.h */ = {isa = PBXFileReference; fileEncoding = 4; lastKnownFileType = sourcecode.c.h; path = InputView.h; sourceTree = "<group>"; };
		B53660B11C05AC1700D09686 /* InputView.m */ = {isa = PBXFileReference; fileEncoding = 4; lastKnownFileType = sourcecode.c.objc; path = InputView.m; sourceTree = "<group>"; };
		B53660B31C05BBA500D09686 /* EditNameReq.h */ = {isa = PBXFileReference; fileEncoding = 4; lastKnownFileType = sourcecode.c.h; path = EditNameReq.h; sourceTree = "<group>"; };
		B53660B41C05BBA500D09686 /* EditNameReq.m */ = {isa = PBXFileReference; fileEncoding = 4; lastKnownFileType = sourcecode.c.objc; path = EditNameReq.m; sourceTree = "<group>"; };
		B53660BA1C06ADBA00D09686 /* TipView.h */ = {isa = PBXFileReference; fileEncoding = 4; lastKnownFileType = sourcecode.c.h; path = TipView.h; sourceTree = "<group>"; };
		B53660BB1C06ADBA00D09686 /* TipView.m */ = {isa = PBXFileReference; fileEncoding = 4; lastKnownFileType = sourcecode.c.objc; path = TipView.m; sourceTree = "<group>"; };
		B53660BD1C06EB4200D09686 /* LevelVC.h */ = {isa = PBXFileReference; fileEncoding = 4; lastKnownFileType = sourcecode.c.h; path = LevelVC.h; sourceTree = "<group>"; };
		B53660BE1C06EB4200D09686 /* LevelVC.m */ = {isa = PBXFileReference; fileEncoding = 4; lastKnownFileType = sourcecode.c.objc; path = LevelVC.m; sourceTree = "<group>"; };
		B53660BF1C06EB4200D09686 /* LevelVC.xib */ = {isa = PBXFileReference; fileEncoding = 4; lastKnownFileType = file.xib; path = LevelVC.xib; sourceTree = "<group>"; };
		B53660C31C06ECC900D09686 /* LevelView.h */ = {isa = PBXFileReference; fileEncoding = 4; lastKnownFileType = sourcecode.c.h; path = LevelView.h; sourceTree = "<group>"; };
		B53660C41C06ECC900D09686 /* LevelView.m */ = {isa = PBXFileReference; fileEncoding = 4; lastKnownFileType = sourcecode.c.objc; path = LevelView.m; sourceTree = "<group>"; };
		B570C5841C11C69B008A2C3F /* LevelGameVC.h */ = {isa = PBXFileReference; fileEncoding = 4; lastKnownFileType = sourcecode.c.h; path = LevelGameVC.h; sourceTree = "<group>"; };
		B570C5851C11C69B008A2C3F /* LevelGameVC.m */ = {isa = PBXFileReference; fileEncoding = 4; lastKnownFileType = sourcecode.c.objc; path = LevelGameVC.m; sourceTree = "<group>"; };
		B570C5861C11C69B008A2C3F /* LevelGameVC.xib */ = {isa = PBXFileReference; fileEncoding = 4; lastKnownFileType = file.xib; path = LevelGameVC.xib; sourceTree = "<group>"; };
		B570C58A1C11C784008A2C3F /* TextDrawView.h */ = {isa = PBXFileReference; fileEncoding = 4; lastKnownFileType = sourcecode.c.h; path = TextDrawView.h; sourceTree = "<group>"; };
		B570C58B1C11C784008A2C3F /* TextDrawView.m */ = {isa = PBXFileReference; fileEncoding = 4; lastKnownFileType = sourcecode.c.objc; path = TextDrawView.m; sourceTree = "<group>"; };
		B570C58E1C11C7AF008A2C3F /* bomb.sks */ = {isa = PBXFileReference; lastKnownFileType = file.sks; path = bomb.sks; sourceTree = "<group>"; };
		B570C58F1C11C7AF008A2C3F /* bullet.sks */ = {isa = PBXFileReference; lastKnownFileType = file.sks; path = bullet.sks; sourceTree = "<group>"; };
		B570C5901C11C7AF008A2C3F /* GameDefine.h */ = {isa = PBXFileReference; fileEncoding = 4; lastKnownFileType = sourcecode.c.h; path = GameDefine.h; sourceTree = "<group>"; };
		B570C5911C11C7AF008A2C3F /* GameDefine.m */ = {isa = PBXFileReference; fileEncoding = 4; lastKnownFileType = sourcecode.c.objc; path = GameDefine.m; sourceTree = "<group>"; };
		B570C5921C11C7AF008A2C3F /* GameEnemy.h */ = {isa = PBXFileReference; fileEncoding = 4; lastKnownFileType = sourcecode.c.h; path = GameEnemy.h; sourceTree = "<group>"; };
		B570C5931C11C7AF008A2C3F /* GameEnemy.m */ = {isa = PBXFileReference; fileEncoding = 4; lastKnownFileType = sourcecode.c.objc; path = GameEnemy.m; sourceTree = "<group>"; };
		B570C5941C11C7AF008A2C3F /* GameUser.h */ = {isa = PBXFileReference; fileEncoding = 4; lastKnownFileType = sourcecode.c.h; path = GameUser.h; sourceTree = "<group>"; };
		B570C5951C11C7AF008A2C3F /* GameUser.m */ = {isa = PBXFileReference; fileEncoding = 4; lastKnownFileType = sourcecode.c.objc; path = GameUser.m; sourceTree = "<group>"; };
		B570C5961C11C7AF008A2C3F /* laser.sks */ = {isa = PBXFileReference; lastKnownFileType = file.sks; path = laser.sks; sourceTree = "<group>"; };
		B570C5981C11C7AF008A2C3F /* BarrierPower.h */ = {isa = PBXFileReference; fileEncoding = 4; lastKnownFileType = sourcecode.c.h; path = BarrierPower.h; sourceTree = "<group>"; };
		B570C5991C11C7AF008A2C3F /* BarrierPower.m */ = {isa = PBXFileReference; fileEncoding = 4; lastKnownFileType = sourcecode.c.objc; path = BarrierPower.m; sourceTree = "<group>"; };
		B570C59A1C11C7AF008A2C3F /* BombPower.h */ = {isa = PBXFileReference; fileEncoding = 4; lastKnownFileType = sourcecode.c.h; path = BombPower.h; sourceTree = "<group>"; };
		B570C59B1C11C7AF008A2C3F /* BombPower.m */ = {isa = PBXFileReference; fileEncoding = 4; lastKnownFileType = sourcecode.c.objc; path = BombPower.m; sourceTree = "<group>"; };
		B570C59C1C11C7AF008A2C3F /* BulletPower.h */ = {isa = PBXFileReference; fileEncoding = 4; lastKnownFileType = sourcecode.c.h; path = BulletPower.h; sourceTree = "<group>"; };
		B570C59D1C11C7AF008A2C3F /* BulletPower.m */ = {isa = PBXFileReference; fileEncoding = 4; lastKnownFileType = sourcecode.c.objc; path = BulletPower.m; sourceTree = "<group>"; };
		B570C59E1C11C7AF008A2C3F /* EnemyPower.h */ = {isa = PBXFileReference; fileEncoding = 4; lastKnownFileType = sourcecode.c.h; path = EnemyPower.h; sourceTree = "<group>"; };
		B570C59F1C11C7AF008A2C3F /* EnemyPower.m */ = {isa = PBXFileReference; fileEncoding = 4; lastKnownFileType = sourcecode.c.objc; path = EnemyPower.m; sourceTree = "<group>"; };
		B570C5A01C11C7AF008A2C3F /* LaserPower.h */ = {isa = PBXFileReference; fileEncoding = 4; lastKnownFileType = sourcecode.c.h; path = LaserPower.h; sourceTree = "<group>"; };
		B570C5A11C11C7AF008A2C3F /* LaserPower.m */ = {isa = PBXFileReference; fileEncoding = 4; lastKnownFileType = sourcecode.c.objc; path = LaserPower.m; sourceTree = "<group>"; };
		B570C5A21C11C7AF008A2C3F /* MoneyPower.h */ = {isa = PBXFileReference; fileEncoding = 4; lastKnownFileType = sourcecode.c.h; path = MoneyPower.h; sourceTree = "<group>"; };
		B570C5A31C11C7AF008A2C3F /* MoneyPower.m */ = {isa = PBXFileReference; fileEncoding = 4; lastKnownFileType = sourcecode.c.objc; path = MoneyPower.m; sourceTree = "<group>"; };
		B570C5A41C11C7AF008A2C3F /* MyPower.h */ = {isa = PBXFileReference; fileEncoding = 4; lastKnownFileType = sourcecode.c.h; path = MyPower.h; sourceTree = "<group>"; };
		B570C5A51C11C7AF008A2C3F /* MyPower.m */ = {isa = PBXFileReference; fileEncoding = 4; lastKnownFileType = sourcecode.c.objc; path = MyPower.m; sourceTree = "<group>"; };
		B570C5A61C11C7AF008A2C3F /* TimePower.h */ = {isa = PBXFileReference; fileEncoding = 4; lastKnownFileType = sourcecode.c.h; path = TimePower.h; sourceTree = "<group>"; };
		B570C5A71C11C7AF008A2C3F /* TimePower.m */ = {isa = PBXFileReference; fileEncoding = 4; lastKnownFileType = sourcecode.c.objc; path = TimePower.m; sourceTree = "<group>"; };
		B570C5A81C11C7AF008A2C3F /* spark.png */ = {isa = PBXFileReference; lastKnownFileType = image.png; path = spark.png; sourceTree = "<group>"; };
		B570C5A91C11C7AF008A2C3F /* ViewGame.h */ = {isa = PBXFileReference; fileEncoding = 4; lastKnownFileType = sourcecode.c.h; path = ViewGame.h; sourceTree = "<group>"; };
		B570C5AA1C11C7AF008A2C3F /* ViewGame.m */ = {isa = PBXFileReference; fileEncoding = 4; lastKnownFileType = sourcecode.c.objc; path = ViewGame.m; sourceTree = "<group>"; };
		B570C5AB1C11C7AF008A2C3F /* ViewGame.xib */ = {isa = PBXFileReference; fileEncoding = 4; lastKnownFileType = file.xib; path = ViewGame.xib; sourceTree = "<group>"; };
		B570C5AC1C11C7AF008A2C3F /* ViewGameProtovol.h */ = {isa = PBXFileReference; fileEncoding = 4; lastKnownFileType = sourcecode.c.h; path = ViewGameProtovol.h; sourceTree = "<group>"; };
		B570C5AD1C11C7AF008A2C3F /* ViewSence.h */ = {isa = PBXFileReference; fileEncoding = 4; lastKnownFileType = sourcecode.c.h; path = ViewSence.h; sourceTree = "<group>"; };
		B570C5AE1C11C7AF008A2C3F /* ViewSence.m */ = {isa = PBXFileReference; fileEncoding = 4; lastKnownFileType = sourcecode.c.objc; path = ViewSence.m; sourceTree = "<group>"; };
		B570C5AF1C11C7AF008A2C3F /* ViewTexture.h */ = {isa = PBXFileReference; fileEncoding = 4; lastKnownFileType = sourcecode.c.h; path = ViewTexture.h; sourceTree = "<group>"; };
		B570C5B01C11C7AF008A2C3F /* ViewTexture.m */ = {isa = PBXFileReference; fileEncoding = 4; lastKnownFileType = sourcecode.c.objc; path = ViewTexture.m; sourceTree = "<group>"; };
		B570C5C41C11CBE0008A2C3F /* LevelStartReq.h */ = {isa = PBXFileReference; fileEncoding = 4; lastKnownFileType = sourcecode.c.h; path = LevelStartReq.h; sourceTree = "<group>"; };
		B570C5C51C11CBE0008A2C3F /* LevelStartReq.m */ = {isa = PBXFileReference; fileEncoding = 4; lastKnownFileType = sourcecode.c.objc; path = LevelStartReq.m; sourceTree = "<group>"; };
		B570C5C81C131694008A2C3F /* ItemView.h */ = {isa = PBXFileReference; fileEncoding = 4; lastKnownFileType = sourcecode.c.h; path = ItemView.h; sourceTree = "<group>"; };
		B570C5C91C131694008A2C3F /* ItemView.m */ = {isa = PBXFileReference; fileEncoding = 4; lastKnownFileType = sourcecode.c.objc; path = ItemView.m; sourceTree = "<group>"; };
		B570C5CC1C13D387008A2C3F /* ChooseView.h */ = {isa = PBXFileReference; fileEncoding = 4; lastKnownFileType = sourcecode.c.h; path = ChooseView.h; sourceTree = "<group>"; };
		B570C5CD1C13D387008A2C3F /* ChooseView.m */ = {isa = PBXFileReference; fileEncoding = 4; lastKnownFileType = sourcecode.c.objc; path = ChooseView.m; sourceTree = "<group>"; };
		B577227F1C046F6300EE189E /* TypeCell.h */ = {isa = PBXFileReference; fileEncoding = 4; lastKnownFileType = sourcecode.c.h; path = TypeCell.h; sourceTree = "<group>"; };
		B57722801C046F6300EE189E /* TypeCell.m */ = {isa = PBXFileReference; fileEncoding = 4; lastKnownFileType = sourcecode.c.objc; path = TypeCell.m; sourceTree = "<group>"; };
		B57722821C046F7300EE189E /* TypeCell.xib */ = {isa = PBXFileReference; fileEncoding = 4; lastKnownFileType = file.xib; path = TypeCell.xib; sourceTree = "<group>"; };
		B57722841C04712D00EE189E /* TypeItem.h */ = {isa = PBXFileReference; fileEncoding = 4; lastKnownFileType = sourcecode.c.h; path = TypeItem.h; sourceTree = "<group>"; };
		B57722851C04712D00EE189E /* TypeItem.m */ = {isa = PBXFileReference; fileEncoding = 4; lastKnownFileType = sourcecode.c.objc; path = TypeItem.m; sourceTree = "<group>"; };
		B577228B1C04AE9700EE189E /* RankCell.h */ = {isa = PBXFileReference; fileEncoding = 4; lastKnownFileType = sourcecode.c.h; path = RankCell.h; sourceTree = "<group>"; };
		B577228C1C04AE9700EE189E /* RankCell.m */ = {isa = PBXFileReference; fileEncoding = 4; lastKnownFileType = sourcecode.c.objc; path = RankCell.m; sourceTree = "<group>"; };
		B577228E1C04AEA400EE189E /* RankCell.xib */ = {isa = PBXFileReference; fileEncoding = 4; lastKnownFileType = file.xib; path = RankCell.xib; sourceTree = "<group>"; };
		B57722901C04AFE400EE189E /* RankItem.h */ = {isa = PBXFileReference; fileEncoding = 4; lastKnownFileType = sourcecode.c.h; path = RankItem.h; sourceTree = "<group>"; };
		B57722911C04AFE400EE189E /* RankItem.m */ = {isa = PBXFileReference; fileEncoding = 4; lastKnownFileType = sourcecode.c.objc; path = RankItem.m; sourceTree = "<group>"; };
		B58211ED1BFEEE6500168A57 /* Boss.app */ = {isa = PBXFileReference; explicitFileType = wrapper.application; includeInIndex = 0; path = Boss.app; sourceTree = BUILT_PRODUCTS_DIR; };
		B58211F11BFEEE6500168A57 /* main.m */ = {isa = PBXFileReference; lastKnownFileType = sourcecode.c.objc; path = main.m; sourceTree = "<group>"; };
		B58211F31BFEEE6500168A57 /* AppDelegate.h */ = {isa = PBXFileReference; lastKnownFileType = sourcecode.c.h; path = AppDelegate.h; sourceTree = "<group>"; };
		B58211F41BFEEE6500168A57 /* AppDelegate.m */ = {isa = PBXFileReference; lastKnownFileType = sourcecode.c.objc; path = AppDelegate.m; sourceTree = "<group>"; };
		B58211FC1BFEEE6500168A57 /* Assets.xcassets */ = {isa = PBXFileReference; lastKnownFileType = folder.assetcatalog; path = Assets.xcassets; sourceTree = "<group>"; };
		B58211FF1BFEEE6500168A57 /* Base */ = {isa = PBXFileReference; lastKnownFileType = file.storyboard; name = Base; path = Base.lproj/LaunchScreen.storyboard; sourceTree = "<group>"; };
		B58212011BFEEE6500168A57 /* Info.plist */ = {isa = PBXFileReference; lastKnownFileType = text.plist.xml; path = Info.plist; sourceTree = "<group>"; };
		B582120D1BFEFB1B00168A57 /* Game.xcassets */ = {isa = PBXFileReference; lastKnownFileType = folder.assetcatalog; path = Game.xcassets; sourceTree = "<group>"; };
		B58212141BFEFBD000168A57 /* BaseViewController.h */ = {isa = PBXFileReference; fileEncoding = 4; lastKnownFileType = sourcecode.c.h; path = BaseViewController.h; sourceTree = "<group>"; };
		B58212151BFEFBD000168A57 /* BaseViewController.m */ = {isa = PBXFileReference; fileEncoding = 4; lastKnownFileType = sourcecode.c.objc; path = BaseViewController.m; sourceTree = "<group>"; };
		B58212181BFEFD5300168A57 /* HUDLoading1.png */ = {isa = PBXFileReference; lastKnownFileType = image.png; path = HUDLoading1.png; sourceTree = "<group>"; };
		B58212191BFEFD5300168A57 /* HUDLoading2.png */ = {isa = PBXFileReference; lastKnownFileType = image.png; path = HUDLoading2.png; sourceTree = "<group>"; };
		B582121A1BFEFD5300168A57 /* HUDLoading3.png */ = {isa = PBXFileReference; lastKnownFileType = image.png; path = HUDLoading3.png; sourceTree = "<group>"; };
		B582121B1BFEFD5300168A57 /* HUDLoading4.png */ = {isa = PBXFileReference; lastKnownFileType = image.png; path = HUDLoading4.png; sourceTree = "<group>"; };
		B582121C1BFEFD5300168A57 /* HUDLoading5.png */ = {isa = PBXFileReference; lastKnownFileType = image.png; path = HUDLoading5.png; sourceTree = "<group>"; };
		B582121D1BFEFD5300168A57 /* HUDLoading6.png */ = {isa = PBXFileReference; lastKnownFileType = image.png; path = HUDLoading6.png; sourceTree = "<group>"; };
		B582121E1BFEFD5300168A57 /* HUDLoading7.png */ = {isa = PBXFileReference; lastKnownFileType = image.png; path = HUDLoading7.png; sourceTree = "<group>"; };
		B58212261BFEFD7F00168A57 /* LoginVC.h */ = {isa = PBXFileReference; fileEncoding = 4; lastKnownFileType = sourcecode.c.h; path = LoginVC.h; sourceTree = "<group>"; };
		B58212271BFEFD7F00168A57 /* LoginVC.m */ = {isa = PBXFileReference; fileEncoding = 4; lastKnownFileType = sourcecode.c.objc; path = LoginVC.m; sourceTree = "<group>"; };
		B58212281BFEFD7F00168A57 /* LoginVC.xib */ = {isa = PBXFileReference; fileEncoding = 4; lastKnownFileType = file.xib; path = LoginVC.xib; sourceTree = "<group>"; };
		B582122B1BFF094B00168A57 /* Header.h */ = {isa = PBXFileReference; fileEncoding = 4; lastKnownFileType = sourcecode.c.h; path = Header.h; sourceTree = "<group>"; };
		B582122C1BFF094B00168A57 /* Util.h */ = {isa = PBXFileReference; fileEncoding = 4; lastKnownFileType = sourcecode.c.h; path = Util.h; sourceTree = "<group>"; };
		B582122D1BFF094B00168A57 /* Util.m */ = {isa = PBXFileReference; fileEncoding = 4; lastKnownFileType = sourcecode.c.objc; path = Util.m; sourceTree = "<group>"; };
		B582122F1BFF1B7100168A57 /* BaseReq.h */ = {isa = PBXFileReference; fileEncoding = 4; lastKnownFileType = sourcecode.c.h; path = BaseReq.h; sourceTree = "<group>"; };
		B58212301BFF1B7100168A57 /* BaseReq.m */ = {isa = PBXFileReference; fileEncoding = 4; lastKnownFileType = sourcecode.c.objc; path = BaseReq.m; sourceTree = "<group>"; };
		B58212331BFF255500168A57 /* CheckUserNameReq.h */ = {isa = PBXFileReference; fileEncoding = 4; lastKnownFileType = sourcecode.c.h; path = CheckUserNameReq.h; sourceTree = "<group>"; };
		B58212341BFF255500168A57 /* CheckUserNameReq.m */ = {isa = PBXFileReference; fileEncoding = 4; lastKnownFileType = sourcecode.c.objc; path = CheckUserNameReq.m; sourceTree = "<group>"; };
		B5977F681C02BED000175174 /* LoginInputView.h */ = {isa = PBXFileReference; fileEncoding = 4; lastKnownFileType = sourcecode.c.h; path = LoginInputView.h; sourceTree = "<group>"; };
		B5977F691C02BED000175174 /* LoginInputView.m */ = {isa = PBXFileReference; fileEncoding = 4; lastKnownFileType = sourcecode.c.objc; path = LoginInputView.m; sourceTree = "<group>"; };
		B5977F6C1C02FDBB00175174 /* UserDefaults.h */ = {isa = PBXFileReference; fileEncoding = 4; lastKnownFileType = sourcecode.c.h; path = UserDefaults.h; sourceTree = "<group>"; };
		B5977F6D1C02FDBB00175174 /* UserDefaults.m */ = {isa = PBXFileReference; fileEncoding = 4; lastKnownFileType = sourcecode.c.objc; path = UserDefaults.m; sourceTree = "<group>"; };
		B5977F6F1C03004000175174 /* UserInfoReq.h */ = {isa = PBXFileReference; fileEncoding = 4; lastKnownFileType = sourcecode.c.h; path = UserInfoReq.h; sourceTree = "<group>"; };
		B5977F701C03004000175174 /* UserInfoReq.m */ = {isa = PBXFileReference; fileEncoding = 4; lastKnownFileType = sourcecode.c.objc; path = UserInfoReq.m; sourceTree = "<group>"; };
		B5977F721C03465900175174 /* RegisterVC.h */ = {isa = PBXFileReference; fileEncoding = 4; lastKnownFileType = sourcecode.c.h; path = RegisterVC.h; sourceTree = "<group>"; };
		B5977F731C03465900175174 /* RegisterVC.m */ = {isa = PBXFileReference; fileEncoding = 4; lastKnownFileType = sourcecode.c.objc; path = RegisterVC.m; sourceTree = "<group>"; };
		B5977F741C03465900175174 /* RegisterVC.xib */ = {isa = PBXFileReference; fileEncoding = 4; lastKnownFileType = file.xib; path = RegisterVC.xib; sourceTree = "<group>"; };
		B5977F771C034B3200175174 /* back.png */ = {isa = PBXFileReference; lastKnownFileType = image.png; path = back.png; sourceTree = "<group>"; };
		B5977F791C03507600175174 /* RegisterFinishVC.h */ = {isa = PBXFileReference; fileEncoding = 4; lastKnownFileType = sourcecode.c.h; path = RegisterFinishVC.h; sourceTree = "<group>"; };
		B5977F7A1C03507600175174 /* RegisterFinishVC.m */ = {isa = PBXFileReference; fileEncoding = 4; lastKnownFileType = sourcecode.c.objc; path = RegisterFinishVC.m; sourceTree = "<group>"; };
		B5977F7B1C03507600175174 /* RegisterFinishVC.xib */ = {isa = PBXFileReference; fileEncoding = 4; lastKnownFileType = file.xib; path = RegisterFinishVC.xib; sourceTree = "<group>"; };
		B5977F801C035A3600175174 /* cellcheck.png */ = {isa = PBXFileReference; lastKnownFileType = image.png; path = cellcheck.png; sourceTree = "<group>"; };
		B5977F811C035A3600175174 /* SGActionView.h */ = {isa = PBXFileReference; fileEncoding = 4; lastKnownFileType = sourcecode.c.h; path = SGActionView.h; sourceTree = "<group>"; };
		B5977F821C035A3600175174 /* SGActionView.m */ = {isa = PBXFileReference; fileEncoding = 4; lastKnownFileType = sourcecode.c.objc; path = SGActionView.m; sourceTree = "<group>"; };
		B5977F831C035A3600175174 /* SGAlertMenu.h */ = {isa = PBXFileReference; fileEncoding = 4; lastKnownFileType = sourcecode.c.h; path = SGAlertMenu.h; sourceTree = "<group>"; };
		B5977F841C035A3600175174 /* SGAlertMenu.m */ = {isa = PBXFileReference; fileEncoding = 4; lastKnownFileType = sourcecode.c.objc; path = SGAlertMenu.m; sourceTree = "<group>"; };
		B5977F851C035A3600175174 /* SGBaseMenu.h */ = {isa = PBXFileReference; fileEncoding = 4; lastKnownFileType = sourcecode.c.h; path = SGBaseMenu.h; sourceTree = "<group>"; };
		B5977F861C035A3600175174 /* SGBaseMenu.m */ = {isa = PBXFileReference; fileEncoding = 4; lastKnownFileType = sourcecode.c.objc; path = SGBaseMenu.m; sourceTree = "<group>"; };
		B5977F871C035A3600175174 /* SGGridMenu.h */ = {isa = PBXFileReference; fileEncoding = 4; lastKnownFileType = sourcecode.c.h; path = SGGridMenu.h; sourceTree = "<group>"; };
		B5977F881C035A3600175174 /* SGGridMenu.m */ = {isa = PBXFileReference; fileEncoding = 4; lastKnownFileType = sourcecode.c.objc; path = SGGridMenu.m; sourceTree = "<group>"; };
		B5977F891C035A3600175174 /* SGSheetMenu.h */ = {isa = PBXFileReference; fileEncoding = 4; lastKnownFileType = sourcecode.c.h; path = SGSheetMenu.h; sourceTree = "<group>"; };
		B5977F8A1C035A3600175174 /* SGSheetMenu.m */ = {isa = PBXFileReference; fileEncoding = 4; lastKnownFileType = sourcecode.c.objc; path = SGSheetMenu.m; sourceTree = "<group>"; };
		B5977F921C035B3A00175174 /* SliderView.h */ = {isa = PBXFileReference; fileEncoding = 4; lastKnownFileType = sourcecode.c.h; path = SliderView.h; sourceTree = "<group>"; };
		B5977F931C035B3A00175174 /* SliderView.m */ = {isa = PBXFileReference; fileEncoding = 4; lastKnownFileType = sourcecode.c.objc; path = SliderView.m; sourceTree = "<group>"; };
		B5977F961C035BD100175174 /* slidercenter.png */ = {isa = PBXFileReference; lastKnownFileType = image.png; path = slidercenter.png; sourceTree = "<group>"; };
		B5977F971C035BD100175174 /* slidertag.png */ = {isa = PBXFileReference; lastKnownFileType = image.png; path = slidertag.png; sourceTree = "<group>"; };
		B5977F9A1C036BCE00175174 /* RegisterReq.h */ = {isa = PBXFileReference; fileEncoding = 4; lastKnownFileType = sourcecode.c.h; path = RegisterReq.h; sourceTree = "<group>"; };
		B5977F9B1C036BCE00175174 /* RegisterReq.m */ = {isa = PBXFileReference; fileEncoding = 4; lastKnownFileType = sourcecode.c.objc; path = RegisterReq.m; sourceTree = "<group>"; };
		B5977F9D1C0406D400175174 /* ForgotVC.h */ = {isa = PBXFileReference; fileEncoding = 4; lastKnownFileType = sourcecode.c.h; path = ForgotVC.h; sourceTree = "<group>"; };
		B5977F9E1C0406D400175174 /* ForgotVC.m */ = {isa = PBXFileReference; fileEncoding = 4; lastKnownFileType = sourcecode.c.objc; path = ForgotVC.m; sourceTree = "<group>"; };
		B5977F9F1C0406D400175174 /* ForgotVC.xib */ = {isa = PBXFileReference; fileEncoding = 4; lastKnownFileType = file.xib; path = ForgotVC.xib; sourceTree = "<group>"; };
		B5977FA21C040A0500175174 /* ForgotFinishVC.h */ = {isa = PBXFileReference; fileEncoding = 4; lastKnownFileType = sourcecode.c.h; path = ForgotFinishVC.h; sourceTree = "<group>"; };
		B5977FA31C040A0500175174 /* ForgotFinishVC.m */ = {isa = PBXFileReference; fileEncoding = 4; lastKnownFileType = sourcecode.c.objc; path = ForgotFinishVC.m; sourceTree = "<group>"; };
		B5977FA41C040A0500175174 /* ForgotFinishVC.xib */ = {isa = PBXFileReference; fileEncoding = 4; lastKnownFileType = file.xib; path = ForgotFinishVC.xib; sourceTree = "<group>"; };
		B5C3DE4A1C13DE8D00CA1C51 /* PreStartView.h */ = {isa = PBXFileReference; fileEncoding = 4; lastKnownFileType = sourcecode.c.h; path = PreStartView.h; sourceTree = "<group>"; };
		B5C3DE4B1C13DE8D00CA1C51 /* PreStartView.m */ = {isa = PBXFileReference; fileEncoding = 4; lastKnownFileType = sourcecode.c.objc; path = PreStartView.m; sourceTree = "<group>"; };
		B5C3DE4D1C146E8400CA1C51 /* LevelLeaveReq.h */ = {isa = PBXFileReference; fileEncoding = 4; lastKnownFileType = sourcecode.c.h; path = LevelLeaveReq.h; sourceTree = "<group>"; };
		B5C3DE4E1C146E8400CA1C51 /* LevelLeaveReq.m */ = {isa = PBXFileReference; fileEncoding = 4; lastKnownFileType = sourcecode.c.objc; path = LevelLeaveReq.m; sourceTree = "<group>"; };
		B5CD9DCD1C0750DA00DABCAA /* LevelInfoReq.h */ = {isa = PBXFileReference; fileEncoding = 4; lastKnownFileType = sourcecode.c.h; path = LevelInfoReq.h; sourceTree = "<group>"; };
		B5CD9DCE1C0750DA00DABCAA /* LevelInfoReq.m */ = {isa = PBXFileReference; fileEncoding = 4; lastKnownFileType = sourcecode.c.objc; path = LevelInfoReq.m; sourceTree = "<group>"; };
		B5CD9DD01C07FA1800DABCAA /* LevelSetVC.h */ = {isa = PBXFileReference; fileEncoding = 4; lastKnownFileType = sourcecode.c.h; path = LevelSetVC.h; sourceTree = "<group>"; };
		B5CD9DD11C07FA1800DABCAA /* LevelSetVC.m */ = {isa = PBXFileReference; fileEncoding = 4; lastKnownFileType = sourcecode.c.objc; path = LevelSetVC.m; sourceTree = "<group>"; };
		B5CD9DD21C07FA1800DABCAA /* LevelSetVC.xib */ = {isa = PBXFileReference; fileEncoding = 4; lastKnownFileType = file.xib; path = LevelSetVC.xib; sourceTree = "<group>"; };
		B5CD9DD81C080CBD00DABCAA /* LevelEnterReq.h */ = {isa = PBXFileReference; fileEncoding = 4; lastKnownFileType = sourcecode.c.h; path = LevelEnterReq.h; sourceTree = "<group>"; };
		B5CD9DD91C080CBD00DABCAA /* LevelEnterReq.m */ = {isa = PBXFileReference; fileEncoding = 4; lastKnownFileType = sourcecode.c.objc; path = LevelEnterReq.m; sourceTree = "<group>"; };
		B5CD9DDB1C082C7E00DABCAA /* EnemyCell.h */ = {isa = PBXFileReference; fileEncoding = 4; lastKnownFileType = sourcecode.c.h; path = EnemyCell.h; sourceTree = "<group>"; };
		B5CD9DDC1C082C7E00DABCAA /* EnemyCell.m */ = {isa = PBXFileReference; fileEncoding = 4; lastKnownFileType = sourcecode.c.objc; path = EnemyCell.m; sourceTree = "<group>"; };
		B5CD9DDE1C082D5500DABCAA /* EnemyCell.xib */ = {isa = PBXFileReference; fileEncoding = 4; lastKnownFileType = file.xib; path = EnemyCell.xib; sourceTree = "<group>"; };
		B5CD9DE01C08307F00DABCAA /* EnemyItem.h */ = {isa = PBXFileReference; fileEncoding = 4; lastKnownFileType = sourcecode.c.h; path = EnemyItem.h; sourceTree = "<group>"; };
		B5CD9DE11C08307F00DABCAA /* EnemyItem.m */ = {isa = PBXFileReference; fileEncoding = 4; lastKnownFileType = sourcecode.c.objc; path = EnemyItem.m; sourceTree = "<group>"; };
		B5CD9DE41C0835E700DABCAA /* PeopleInfoReq.h */ = {isa = PBXFileReference; fileEncoding = 4; lastKnownFileType = sourcecode.c.h; path = PeopleInfoReq.h; sourceTree = "<group>"; };
		B5CD9DE51C0835E700DABCAA /* PeopleInfoReq.m */ = {isa = PBXFileReference; fileEncoding = 4; lastKnownFileType = sourcecode.c.objc; path = PeopleInfoReq.m; sourceTree = "<group>"; };
		B9C3C977378AD53916E63570 /* libPods.a */ = {isa = PBXFileReference; explicitFileType = archive.ar; includeInIndex = 0; path = libPods.a; sourceTree = BUILT_PRODUCTS_DIR; };
/* End PBXFileReference section */

/* Begin PBXFrameworksBuildPhase section */
		B58211EA1BFEEE6500168A57 /* Frameworks */ = {
			isa = PBXFrameworksBuildPhase;
			buildActionMask = 2147483647;
			files = (
				EA1CEEFF16BD0DE8FA5C634F /* libPods.a in Frameworks */,
			);
			runOnlyForDeploymentPostprocessing = 0;
		};
/* End PBXFrameworksBuildPhase section */

/* Begin PBXGroup section */
		1A9062C8F0F8BE6B644C27CA /* Pods */ = {
			isa = PBXGroup;
			children = (
				012E798E76C4260698B6DEF4 /* Pods.debug.xcconfig */,
				314F08315C612BD5D16A7BF1 /* Pods.release.xcconfig */,
			);
			name = Pods;
			sourceTree = "<group>";
		};
		B51A02B21C084B4F00610020 /* ChooseItemCountView */ = {
			isa = PBXGroup;
			children = (
				B51A02B31C084B6B00610020 /* ChooseItemCountView.h */,
				B51A02B41C084B6B00610020 /* ChooseItemCountView.m */,
				B51A02B61C084B8300610020 /* ChooseItemCountView.xib */,
			);
			name = ChooseItemCountView;
			path = ChooseItemCount;
			sourceTree = "<group>";
		};
		B51A02B81C08509A00610020 /* Power */ = {
			isa = PBXGroup;
			children = (
				B51A02B91C0850AE00610020 /* PowerInfoReq.h */,
				B51A02BA1C0850AE00610020 /* PowerInfoReq.m */,
			);
			path = Power;
			sourceTree = "<group>";
		};
		B53660AF1C05AC0300D09686 /* InputView */ = {
			isa = PBXGroup;
			children = (
				B53660B01C05AC1700D09686 /* InputView.h */,
				B53660B11C05AC1700D09686 /* InputView.m */,
			);
			path = InputView;
			sourceTree = "<group>";
		};
		B53660B91C06ADAF00D09686 /* TipView */ = {
			isa = PBXGroup;
			children = (
				B53660BA1C06ADBA00D09686 /* TipView.h */,
				B53660BB1C06ADBA00D09686 /* TipView.m */,
			);
			path = TipView;
			sourceTree = "<group>";
		};
		B53660C21C06ECB900D09686 /* LevelView */ = {
			isa = PBXGroup;
			children = (
				B53660C31C06ECC900D09686 /* LevelView.h */,
				B53660C41C06ECC900D09686 /* LevelView.m */,
			);
			path = LevelView;
			sourceTree = "<group>";
		};
		B570C5891C11C784008A2C3F /* TextDraw */ = {
			isa = PBXGroup;
			children = (
				B570C58A1C11C784008A2C3F /* TextDrawView.h */,
				B570C58B1C11C784008A2C3F /* TextDrawView.m */,
			);
			path = TextDraw;
			sourceTree = "<group>";
		};
		B570C58D1C11C7AF008A2C3F /* ViewGame */ = {
			isa = PBXGroup;
			children = (
				B570C58E1C11C7AF008A2C3F /* bomb.sks */,
				B570C58F1C11C7AF008A2C3F /* bullet.sks */,
				B570C5901C11C7AF008A2C3F /* GameDefine.h */,
				B570C5911C11C7AF008A2C3F /* GameDefine.m */,
				B570C5921C11C7AF008A2C3F /* GameEnemy.h */,
				B570C5931C11C7AF008A2C3F /* GameEnemy.m */,
				B570C5941C11C7AF008A2C3F /* GameUser.h */,
				B570C5951C11C7AF008A2C3F /* GameUser.m */,
				B570C5961C11C7AF008A2C3F /* laser.sks */,
				B570C5971C11C7AF008A2C3F /* Power */,
				B570C5A81C11C7AF008A2C3F /* spark.png */,
				B570C5A91C11C7AF008A2C3F /* ViewGame.h */,
				B570C5AA1C11C7AF008A2C3F /* ViewGame.m */,
				B570C5AB1C11C7AF008A2C3F /* ViewGame.xib */,
				B570C5AC1C11C7AF008A2C3F /* ViewGameProtovol.h */,
				B570C5AD1C11C7AF008A2C3F /* ViewSence.h */,
				B570C5AE1C11C7AF008A2C3F /* ViewSence.m */,
				B570C5AF1C11C7AF008A2C3F /* ViewTexture.h */,
				B570C5B01C11C7AF008A2C3F /* ViewTexture.m */,
			);
			path = ViewGame;
			sourceTree = "<group>";
		};
		B570C5971C11C7AF008A2C3F /* Power */ = {
			isa = PBXGroup;
			children = (
				B570C5981C11C7AF008A2C3F /* BarrierPower.h */,
				B570C5991C11C7AF008A2C3F /* BarrierPower.m */,
				B570C59A1C11C7AF008A2C3F /* BombPower.h */,
				B570C59B1C11C7AF008A2C3F /* BombPower.m */,
				B570C59C1C11C7AF008A2C3F /* BulletPower.h */,
				B570C59D1C11C7AF008A2C3F /* BulletPower.m */,
				B570C59E1C11C7AF008A2C3F /* EnemyPower.h */,
				B570C59F1C11C7AF008A2C3F /* EnemyPower.m */,
				B570C5A01C11C7AF008A2C3F /* LaserPower.h */,
				B570C5A11C11C7AF008A2C3F /* LaserPower.m */,
				B570C5A21C11C7AF008A2C3F /* MoneyPower.h */,
				B570C5A31C11C7AF008A2C3F /* MoneyPower.m */,
				B570C5A41C11C7AF008A2C3F /* MyPower.h */,
				B570C5A51C11C7AF008A2C3F /* MyPower.m */,
				B570C5A61C11C7AF008A2C3F /* TimePower.h */,
				B570C5A71C11C7AF008A2C3F /* TimePower.m */,
			);
			path = Power;
			sourceTree = "<group>";
		};
		B570C5C71C131665008A2C3F /* ItemView */ = {
			isa = PBXGroup;
			children = (
				B570C5C81C131694008A2C3F /* ItemView.h */,
				B570C5C91C131694008A2C3F /* ItemView.m */,
			);
			path = ItemView;
			sourceTree = "<group>";
		};
		B570C5CB1C13D36F008A2C3F /* ChooseView */ = {
			isa = PBXGroup;
			children = (
				B570C5CC1C13D387008A2C3F /* ChooseView.h */,
				B570C5CD1C13D387008A2C3F /* ChooseView.m */,
			);
			path = ChooseView;
			sourceTree = "<group>";
		};
		B57722871C04ADE800EE189E /* Rank */ = {
			isa = PBXGroup;
			children = (
			);
			path = Rank;
			sourceTree = "<group>";
		};
		B58211E41BFEEE6500168A57 = {
			isa = PBXGroup;
			children = (
				B58211EF1BFEEE6500168A57 /* Boss */,
				B58211EE1BFEEE6500168A57 /* Products */,
				1A9062C8F0F8BE6B644C27CA /* Pods */,
				C18418A4B25164E36AEEFEDF /* Frameworks */,
			);
			sourceTree = "<group>";
		};
		B58211EE1BFEEE6500168A57 /* Products */ = {
			isa = PBXGroup;
			children = (
				B58211ED1BFEEE6500168A57 /* Boss.app */,
			);
			name = Products;
			sourceTree = "<group>";
		};
		B58211EF1BFEEE6500168A57 /* Boss */ = {
			isa = PBXGroup;
			children = (
				B5977F6B1C02FDA500175174 /* User */,
				B58212071BFEFAEB00168A57 /* Component */,
				B58212081BFEFAEB00168A57 /* Request */,
				B58212091BFEFAEB00168A57 /* TableCell */,
				B582120A1BFEFAEB00168A57 /* TableItem */,
				B582120B1BFEFAEB00168A57 /* Util */,
				B582120C1BFEFAEB00168A57 /* ViewController */,
				B58211F31BFEEE6500168A57 /* AppDelegate.h */,
				B58211F41BFEEE6500168A57 /* AppDelegate.m */,
				B58211FC1BFEEE6500168A57 /* Assets.xcassets */,
				B582120D1BFEFB1B00168A57 /* Game.xcassets */,
				B58211FE1BFEEE6500168A57 /* LaunchScreen.storyboard */,
				B58212011BFEEE6500168A57 /* Info.plist */,
				B58211F01BFEEE6500168A57 /* Supporting Files */,
			);
			path = Boss;
			sourceTree = "<group>";
		};
		B58211F01BFEEE6500168A57 /* Supporting Files */ = {
			isa = PBXGroup;
			children = (
				B58211F11BFEEE6500168A57 /* main.m */,
			);
			name = "Supporting Files";
			sourceTree = "<group>";
		};
		B58212071BFEFAEB00168A57 /* Component */ = {
			isa = PBXGroup;
			children = (
				B570C5CB1C13D36F008A2C3F /* ChooseView */,
				B570C58D1C11C7AF008A2C3F /* ViewGame */,
				B570C5891C11C784008A2C3F /* TextDraw */,
				B53660B91C06ADAF00D09686 /* TipView */,
				B53660AF1C05AC0300D09686 /* InputView */,
				B5977F911C035B3A00175174 /* SliderView */,
				B5977F7E1C035A3600175174 /* SGActionView */,
				B58212131BFEFBD000168A57 /* BaseVc */,
			);
			path = Component;
			sourceTree = "<group>";
		};
		B58212081BFEFAEB00168A57 /* Request */ = {
			isa = PBXGroup;
			children = (
				B51A02B81C08509A00610020 /* Power */,
				B5CD9DE31C0835CC00DABCAA /* People */,
				B5CD9DCC1C0750C600DABCAA /* Level */,
				B57722871C04ADE800EE189E /* Rank */,
				B58212321BFF251C00168A57 /* User */,
				B582122F1BFF1B7100168A57 /* BaseReq.h */,
				B58212301BFF1B7100168A57 /* BaseReq.m */,
			);
			path = Request;
			sourceTree = "<group>";
		};
		B58212091BFEFAEB00168A57 /* TableCell */ = {
			isa = PBXGroup;
			children = (
				B577227F1C046F6300EE189E /* TypeCell.h */,
				B57722801C046F6300EE189E /* TypeCell.m */,
				B57722821C046F7300EE189E /* TypeCell.xib */,
				B577228B1C04AE9700EE189E /* RankCell.h */,
				B577228C1C04AE9700EE189E /* RankCell.m */,
				B577228E1C04AEA400EE189E /* RankCell.xib */,
				B5CD9DDB1C082C7E00DABCAA /* EnemyCell.h */,
				B5CD9DDC1C082C7E00DABCAA /* EnemyCell.m */,
				B5CD9DDE1C082D5500DABCAA /* EnemyCell.xib */,
			);
			path = TableCell;
			sourceTree = "<group>";
		};
		B582120A1BFEFAEB00168A57 /* TableItem */ = {
			isa = PBXGroup;
			children = (
				B57722841C04712D00EE189E /* TypeItem.h */,
				B57722851C04712D00EE189E /* TypeItem.m */,
				B57722901C04AFE400EE189E /* RankItem.h */,
				B57722911C04AFE400EE189E /* RankItem.m */,
				B5CD9DE01C08307F00DABCAA /* EnemyItem.h */,
				B5CD9DE11C08307F00DABCAA /* EnemyItem.m */,
			);
			path = TableItem;
			sourceTree = "<group>";
		};
		B582120B1BFEFAEB00168A57 /* Util */ = {
			isa = PBXGroup;
			children = (
				B582122B1BFF094B00168A57 /* Header.h */,
				B582122C1BFF094B00168A57 /* Util.h */,
				B582122D1BFF094B00168A57 /* Util.m */,
			);
			path = Util;
			sourceTree = "<group>";
		};
		B582120C1BFEFAEB00168A57 /* ViewController */ = {
			isa = PBXGroup;
			children = (
				B582120F1BFEFB6900168A57 /* Level */,
				B58212101BFEFB6900168A57 /* Login */,
				B58212111BFEFB6900168A57 /* Main */,
				B58212121BFEFB6900168A57 /* Member */,
			);
			path = ViewController;
			sourceTree = "<group>";
		};
		B582120F1BFEFB6900168A57 /* Level */ = {
			isa = PBXGroup;
			children = (
				B5C3DE491C13DE6F00CA1C51 /* PreStartView */,
				B570C5C71C131665008A2C3F /* ItemView */,
				B51A02B21C084B4F00610020 /* ChooseItemCountView */,
				B53660C21C06ECB900D09686 /* LevelView */,
				B53660BD1C06EB4200D09686 /* LevelVC.h */,
				B53660BE1C06EB4200D09686 /* LevelVC.m */,
				B53660BF1C06EB4200D09686 /* LevelVC.xib */,
				B5CD9DD01C07FA1800DABCAA /* LevelSetVC.h */,
				B5CD9DD11C07FA1800DABCAA /* LevelSetVC.m */,
				B5CD9DD21C07FA1800DABCAA /* LevelSetVC.xib */,
				B570C5841C11C69B008A2C3F /* LevelGameVC.h */,
				B570C5851C11C69B008A2C3F /* LevelGameVC.m */,
				B570C5861C11C69B008A2C3F /* LevelGameVC.xib */,
			);
			path = Level;
			sourceTree = "<group>";
		};
		B58212101BFEFB6900168A57 /* Login */ = {
			isa = PBXGroup;
			children = (
				B5977F671C02BEBD00175174 /* LoginInputView */,
				B58212261BFEFD7F00168A57 /* LoginVC.h */,
				B58212271BFEFD7F00168A57 /* LoginVC.m */,
				B58212281BFEFD7F00168A57 /* LoginVC.xib */,
				B5977F721C03465900175174 /* RegisterVC.h */,
				B5977F731C03465900175174 /* RegisterVC.m */,
				B5977F741C03465900175174 /* RegisterVC.xib */,
				B5977F791C03507600175174 /* RegisterFinishVC.h */,
				B5977F7A1C03507600175174 /* RegisterFinishVC.m */,
				B5977F7B1C03507600175174 /* RegisterFinishVC.xib */,
				B5977F9D1C0406D400175174 /* ForgotVC.h */,
				B5977F9E1C0406D400175174 /* ForgotVC.m */,
				B5977F9F1C0406D400175174 /* ForgotVC.xib */,
				B5977FA21C040A0500175174 /* ForgotFinishVC.h */,
				B5977FA31C040A0500175174 /* ForgotFinishVC.m */,
				B5977FA41C040A0500175174 /* ForgotFinishVC.xib */,
			);
			path = Login;
			sourceTree = "<group>";
		};
		B58212111BFEFB6900168A57 /* Main */ = {
			isa = PBXGroup;
			children = (
				B5108B2E1C045C0D005F6CC6 /* MainTabVC.h */,
				B5108B2F1C045C0D005F6CC6 /* MainTabVC.m */,
				B5108B311C045C80005F6CC6 /* HomeVC.h */,
				B5108B321C045C80005F6CC6 /* HomeVC.m */,
				B5108B331C045C80005F6CC6 /* HomeVC.xib */,
				B5108B361C045CE7005F6CC6 /* RankVC.h */,
				B5108B371C045CE7005F6CC6 /* RankVC.m */,
				B5108B381C045CE7005F6CC6 /* RankVC.xib */,
				B5108B3B1C045D0C005F6CC6 /* MemberVC.h */,
				B5108B3C1C045D0C005F6CC6 /* MemberVC.m */,
				B5108B3D1C045D0C005F6CC6 /* MemberVC.xib */,
			);
			path = Main;
			sourceTree = "<group>";
		};
		B58212121BFEFB6900168A57 /* Member */ = {
			isa = PBXGroup;
			children = (
			);
			path = Member;
			sourceTree = "<group>";
		};
		B58212131BFEFBD000168A57 /* BaseVc */ = {
			isa = PBXGroup;
			children = (
				B58212171BFEFD5300168A57 /* img */,
				B58212141BFEFBD000168A57 /* BaseViewController.h */,
				B58212151BFEFBD000168A57 /* BaseViewController.m */,
			);
			path = BaseVc;
			sourceTree = "<group>";
		};
		B58212171BFEFD5300168A57 /* img */ = {
			isa = PBXGroup;
			children = (
				B5977F771C034B3200175174 /* back.png */,
				B58212181BFEFD5300168A57 /* HUDLoading1.png */,
				B58212191BFEFD5300168A57 /* HUDLoading2.png */,
				B582121A1BFEFD5300168A57 /* HUDLoading3.png */,
				B582121B1BFEFD5300168A57 /* HUDLoading4.png */,
				B582121C1BFEFD5300168A57 /* HUDLoading5.png */,
				B582121D1BFEFD5300168A57 /* HUDLoading6.png */,
				B582121E1BFEFD5300168A57 /* HUDLoading7.png */,
			);
			path = img;
			sourceTree = "<group>";
		};
		B58212321BFF251C00168A57 /* User */ = {
			isa = PBXGroup;
			children = (
				B58212331BFF255500168A57 /* CheckUserNameReq.h */,
				B58212341BFF255500168A57 /* CheckUserNameReq.m */,
				B5977F6F1C03004000175174 /* UserInfoReq.h */,
				B5977F701C03004000175174 /* UserInfoReq.m */,
				B5977F9A1C036BCE00175174 /* RegisterReq.h */,
				B5977F9B1C036BCE00175174 /* RegisterReq.m */,
				B5108B281C044F34005F6CC6 /* UserQuestionReq.h */,
				B5108B291C044F34005F6CC6 /* UserQuestionReq.m */,
				B5108B2B1C045139005F6CC6 /* ResetPwdReq.h */,
				B5108B2C1C045139005F6CC6 /* ResetPwdReq.m */,
				B53660AC1C05A10400D09686 /* EditPhotoReq.h */,
				B53660AD1C05A10400D09686 /* EditPhotoReq.m */,
				B53660B31C05BBA500D09686 /* EditNameReq.h */,
				B53660B41C05BBA500D09686 /* EditNameReq.m */,
			);
			path = User;
			sourceTree = "<group>";
		};
		B5977F671C02BEBD00175174 /* LoginInputView */ = {
			isa = PBXGroup;
			children = (
				B5977F681C02BED000175174 /* LoginInputView.h */,
				B5977F691C02BED000175174 /* LoginInputView.m */,
			);
			path = LoginInputView;
			sourceTree = "<group>";
		};
		B5977F6B1C02FDA500175174 /* User */ = {
			isa = PBXGroup;
			children = (
				B5977F6C1C02FDBB00175174 /* UserDefaults.h */,
				B5977F6D1C02FDBB00175174 /* UserDefaults.m */,
			);
			path = User;
			sourceTree = "<group>";
		};
		B5977F7E1C035A3600175174 /* SGActionView */ = {
			isa = PBXGroup;
			children = (
				B5977F7F1C035A3600175174 /* image */,
				B5977F811C035A3600175174 /* SGActionView.h */,
				B5977F821C035A3600175174 /* SGActionView.m */,
				B5977F831C035A3600175174 /* SGAlertMenu.h */,
				B5977F841C035A3600175174 /* SGAlertMenu.m */,
				B5977F851C035A3600175174 /* SGBaseMenu.h */,
				B5977F861C035A3600175174 /* SGBaseMenu.m */,
				B5977F871C035A3600175174 /* SGGridMenu.h */,
				B5977F881C035A3600175174 /* SGGridMenu.m */,
				B5977F891C035A3600175174 /* SGSheetMenu.h */,
				B5977F8A1C035A3600175174 /* SGSheetMenu.m */,
			);
			path = SGActionView;
			sourceTree = "<group>";
		};
		B5977F7F1C035A3600175174 /* image */ = {
			isa = PBXGroup;
			children = (
				B5977F801C035A3600175174 /* cellcheck.png */,
			);
			path = image;
			sourceTree = "<group>";
		};
		B5977F911C035B3A00175174 /* SliderView */ = {
			isa = PBXGroup;
			children = (
				B5977F951C035BD100175174 /* img */,
				B5977F921C035B3A00175174 /* SliderView.h */,
				B5977F931C035B3A00175174 /* SliderView.m */,
			);
			path = SliderView;
			sourceTree = "<group>";
		};
		B5977F951C035BD100175174 /* img */ = {
			isa = PBXGroup;
			children = (
				B5977F961C035BD100175174 /* slidercenter.png */,
				B5977F971C035BD100175174 /* slidertag.png */,
			);
			path = img;
			sourceTree = "<group>";
		};
		B5C3DE491C13DE6F00CA1C51 /* PreStartView */ = {
			isa = PBXGroup;
			children = (
				B5C3DE4A1C13DE8D00CA1C51 /* PreStartView.h */,
				B5C3DE4B1C13DE8D00CA1C51 /* PreStartView.m */,
			);
			path = PreStartView;
			sourceTree = "<group>";
		};
		B5CD9DCC1C0750C600DABCAA /* Level */ = {
			isa = PBXGroup;
			children = (
				B5CD9DCD1C0750DA00DABCAA /* LevelInfoReq.h */,
				B5CD9DCE1C0750DA00DABCAA /* LevelInfoReq.m */,
				B5CD9DD81C080CBD00DABCAA /* LevelEnterReq.h */,
				B5CD9DD91C080CBD00DABCAA /* LevelEnterReq.m */,
				B570C5C41C11CBE0008A2C3F /* LevelStartReq.h */,
				B570C5C51C11CBE0008A2C3F /* LevelStartReq.m */,
				B5C3DE4D1C146E8400CA1C51 /* LevelLeaveReq.h */,
				B5C3DE4E1C146E8400CA1C51 /* LevelLeaveReq.m */,
			);
			path = Level;
			sourceTree = "<group>";
		};
		B5CD9DE31C0835CC00DABCAA /* People */ = {
			isa = PBXGroup;
			children = (
				B5CD9DE41C0835E700DABCAA /* PeopleInfoReq.h */,
				B5CD9DE51C0835E700DABCAA /* PeopleInfoReq.m */,
			);
			path = People;
			sourceTree = "<group>";
		};
		C18418A4B25164E36AEEFEDF /* Frameworks */ = {
			isa = PBXGroup;
			children = (
				B9C3C977378AD53916E63570 /* libPods.a */,
			);
			name = Frameworks;
			sourceTree = "<group>";
		};
/* End PBXGroup section */

/* Begin PBXNativeTarget section */
		B58211EC1BFEEE6500168A57 /* Boss */ = {
			isa = PBXNativeTarget;
			buildConfigurationList = B58212041BFEEE6500168A57 /* Build configuration list for PBXNativeTarget "Boss" */;
			buildPhases = (
				B119D6F615331C8ED85A2BBA /* Check Pods Manifest.lock */,
				B58211E91BFEEE6500168A57 /* Sources */,
				B58211EA1BFEEE6500168A57 /* Frameworks */,
				B58211EB1BFEEE6500168A57 /* Resources */,
				889395F2FBBDB1D45F215718 /* Embed Pods Frameworks */,
				23393A9E7BECE6D2B9B3A389 /* Copy Pods Resources */,
			);
			buildRules = (
			);
			dependencies = (
			);
			name = Boss;
			productName = Boss;
			productReference = B58211ED1BFEEE6500168A57 /* Boss.app */;
			productType = "com.apple.product-type.application";
		};
/* End PBXNativeTarget section */

/* Begin PBXProject section */
		B58211E51BFEEE6500168A57 /* Project object */ = {
			isa = PBXProject;
			attributes = {
				LastUpgradeCheck = 0710;
				ORGANIZATIONNAME = "孙昕";
				TargetAttributes = {
					B58211EC1BFEEE6500168A57 = {
						CreatedOnToolsVersion = 7.1.1;
						DevelopmentTeam = 2QJF2MXE5B;
					};
				};
			};
			buildConfigurationList = B58211E81BFEEE6500168A57 /* Build configuration list for PBXProject "Boss" */;
			compatibilityVersion = "Xcode 3.2";
			developmentRegion = English;
			hasScannedForEncodings = 0;
			knownRegions = (
				en,
				Base,
			);
			mainGroup = B58211E41BFEEE6500168A57;
			productRefGroup = B58211EE1BFEEE6500168A57 /* Products */;
			projectDirPath = "";
			projectRoot = "";
			targets = (
				B58211EC1BFEEE6500168A57 /* Boss */,
			);
		};
/* End PBXProject section */

/* Begin PBXResourcesBuildPhase section */
		B58211EB1BFEEE6500168A57 /* Resources */ = {
			isa = PBXResourcesBuildPhase;
			buildActionMask = 2147483647;
			files = (
				B58212251BFEFD5300168A57 /* HUDLoading7.png in Resources */,
				B582122A1BFEFD7F00168A57 /* LoginVC.xib in Resources */,
				B58212201BFEFD5300168A57 /* HUDLoading2.png in Resources */,
				B58212001BFEEE6500168A57 /* LaunchScreen.storyboard in Resources */,
				B58212241BFEFD5300168A57 /* HUDLoading6.png in Resources */,
				B5CD9DDF1C082D5500DABCAA /* EnemyCell.xib in Resources */,
				B5977FA61C040A0500175174 /* ForgotFinishVC.xib in Resources */,
				B58212211BFEFD5300168A57 /* HUDLoading3.png in Resources */,
				B51A02B71C084B8300610020 /* ChooseItemCountView.xib in Resources */,
				B570C5881C11C69B008A2C3F /* LevelGameVC.xib in Resources */,
				B53660C11C06EB4200D09686 /* LevelVC.xib in Resources */,
				B5977F781C034B3200175174 /* back.png in Resources */,
				B5108B3F1C045D0C005F6CC6 /* MemberVC.xib in Resources */,
				B57722831C046F7300EE189E /* TypeCell.xib in Resources */,
				B5977FA11C0406D400175174 /* ForgotVC.xib in Resources */,
				B5977F981C035BD100175174 /* slidercenter.png in Resources */,
				B58212221BFEFD5300168A57 /* HUDLoading4.png in Resources */,
				B570C5B11C11C7AF008A2C3F /* bomb.sks in Resources */,
				B58211FD1BFEEE6500168A57 /* Assets.xcassets in Resources */,
				B5108B3A1C045CE7005F6CC6 /* RankVC.xib in Resources */,
				B5977F991C035BD100175174 /* slidertag.png in Resources */,
				B582121F1BFEFD5300168A57 /* HUDLoading1.png in Resources */,
				B570C5C11C11C7AF008A2C3F /* ViewGame.xib in Resources */,
				B570C5BF1C11C7AF008A2C3F /* spark.png in Resources */,
				B577228F1C04AEA400EE189E /* RankCell.xib in Resources */,
				B5977F761C03465900175174 /* RegisterVC.xib in Resources */,
				B5977F8B1C035A3600175174 /* cellcheck.png in Resources */,
				B570C5B21C11C7AF008A2C3F /* bullet.sks in Resources */,
				B58212231BFEFD5300168A57 /* HUDLoading5.png in Resources */,
				B5CD9DD41C07FA1800DABCAA /* LevelSetVC.xib in Resources */,
				B5108B351C045C80005F6CC6 /* HomeVC.xib in Resources */,
				B5977F7D1C03507600175174 /* RegisterFinishVC.xib in Resources */,
				B582120E1BFEFB1B00168A57 /* Game.xcassets in Resources */,
				B570C5B61C11C7AF008A2C3F /* laser.sks in Resources */,
			);
			runOnlyForDeploymentPostprocessing = 0;
		};
/* End PBXResourcesBuildPhase section */

/* Begin PBXShellScriptBuildPhase section */
		23393A9E7BECE6D2B9B3A389 /* Copy Pods Resources */ = {
			isa = PBXShellScriptBuildPhase;
			buildActionMask = 2147483647;
			files = (
			);
			inputPaths = (
			);
			name = "Copy Pods Resources";
			outputPaths = (
			);
			runOnlyForDeploymentPostprocessing = 0;
			shellPath = /bin/sh;
			shellScript = "\"${SRCROOT}/Pods/Target Support Files/Pods/Pods-resources.sh\"\n";
			showEnvVarsInLog = 0;
		};
		889395F2FBBDB1D45F215718 /* Embed Pods Frameworks */ = {
			isa = PBXShellScriptBuildPhase;
			buildActionMask = 2147483647;
			files = (
			);
			inputPaths = (
			);
			name = "Embed Pods Frameworks";
			outputPaths = (
			);
			runOnlyForDeploymentPostprocessing = 0;
			shellPath = /bin/sh;
			shellScript = "\"${SRCROOT}/Pods/Target Support Files/Pods/Pods-frameworks.sh\"\n";
			showEnvVarsInLog = 0;
		};
		B119D6F615331C8ED85A2BBA /* Check Pods Manifest.lock */ = {
			isa = PBXShellScriptBuildPhase;
			buildActionMask = 2147483647;
			files = (
			);
			inputPaths = (
			);
			name = "Check Pods Manifest.lock";
			outputPaths = (
			);
			runOnlyForDeploymentPostprocessing = 0;
			shellPath = /bin/sh;
			shellScript = "diff \"${PODS_ROOT}/../Podfile.lock\" \"${PODS_ROOT}/Manifest.lock\" > /dev/null\nif [[ $? != 0 ]] ; then\n    cat << EOM\nerror: The sandbox is not in sync with the Podfile.lock. Run 'pod install' or update your CocoaPods installation.\nEOM\n    exit 1\nfi\n";
			showEnvVarsInLog = 0;
		};
/* End PBXShellScriptBuildPhase section */

/* Begin PBXSourcesBuildPhase section */
		B58211E91BFEEE6500168A57 /* Sources */ = {
			isa = PBXSourcesBuildPhase;
			buildActionMask = 2147483647;
			files = (
				B5CD9DDA1C080CBD00DABCAA /* LevelEnterReq.m in Sources */,
				B5CD9DDD1C082C7E00DABCAA /* EnemyCell.m in Sources */,
				B57722861C04712D00EE189E /* TypeItem.m in Sources */,
				B53660AE1C05A10400D09686 /* EditPhotoReq.m in Sources */,
				B582122E1BFF094B00168A57 /* Util.m in Sources */,
				B5977F6E1C02FDBB00175174 /* UserDefaults.m in Sources */,
				B5108B391C045CE7005F6CC6 /* RankVC.m in Sources */,
				B570C5B81C11C7AF008A2C3F /* BombPower.m in Sources */,
				B57722811C046F6300EE189E /* TypeCell.m in Sources */,
				B51A02B51C084B6B00610020 /* ChooseItemCountView.m in Sources */,
				B570C5C61C11CBE0008A2C3F /* LevelStartReq.m in Sources */,
				B570C58C1C11C784008A2C3F /* TextDrawView.m in Sources */,
				B5977F9C1C036BCE00175174 /* RegisterReq.m in Sources */,
				B58212311BFF1B7100168A57 /* BaseReq.m in Sources */,
				B570C5B31C11C7AF008A2C3F /* GameDefine.m in Sources */,
				B570C5CA1C131694008A2C3F /* ItemView.m in Sources */,
				B570C5871C11C69B008A2C3F /* LevelGameVC.m in Sources */,
				B5108B2D1C045139005F6CC6 /* ResetPwdReq.m in Sources */,
				B5CD9DE21C08307F00DABCAA /* EnemyItem.m in Sources */,
				B570C5B51C11C7AF008A2C3F /* GameUser.m in Sources */,
				B53660C01C06EB4200D09686 /* LevelVC.m in Sources */,
				B570C5C31C11C7AF008A2C3F /* ViewTexture.m in Sources */,
				B5CD9DD31C07FA1800DABCAA /* LevelSetVC.m in Sources */,
				B570C5BC1C11C7AF008A2C3F /* MoneyPower.m in Sources */,
				B53660B51C05BBA500D09686 /* EditNameReq.m in Sources */,
				B5977F8D1C035A3600175174 /* SGAlertMenu.m in Sources */,
				B53660BC1C06ADBA00D09686 /* TipView.m in Sources */,
				B5977F751C03465900175174 /* RegisterVC.m in Sources */,
				B570C5BB1C11C7AF008A2C3F /* LaserPower.m in Sources */,
				B5977F8E1C035A3600175174 /* SGBaseMenu.m in Sources */,
				B570C5C21C11C7AF008A2C3F /* ViewSence.m in Sources */,
				B5108B341C045C80005F6CC6 /* HomeVC.m in Sources */,
				B5977FA01C0406D400175174 /* ForgotVC.m in Sources */,
				B58211F51BFEEE6500168A57 /* AppDelegate.m in Sources */,
				B570C5BD1C11C7AF008A2C3F /* MyPower.m in Sources */,
				B570C5CE1C13D387008A2C3F /* ChooseView.m in Sources */,
				B58212351BFF255500168A57 /* CheckUserNameReq.m in Sources */,
				B570C5B41C11C7AF008A2C3F /* GameEnemy.m in Sources */,
				B58212161BFEFBD000168A57 /* BaseViewController.m in Sources */,
				B58212291BFEFD7F00168A57 /* LoginVC.m in Sources */,
				B5108B3E1C045D0C005F6CC6 /* MemberVC.m in Sources */,
				B5C3DE4F1C146E8400CA1C51 /* LevelLeaveReq.m in Sources */,
				B570C5BE1C11C7AF008A2C3F /* TimePower.m in Sources */,
				B570C5B71C11C7AF008A2C3F /* BarrierPower.m in Sources */,
				B5977F7C1C03507600175174 /* RegisterFinishVC.m in Sources */,
				B5977FA51C040A0500175174 /* ForgotFinishVC.m in Sources */,
				B570C5BA1C11C7AF008A2C3F /* EnemyPower.m in Sources */,
				B53660B21C05AC1700D09686 /* InputView.m in Sources */,
				B570C5C01C11C7AF008A2C3F /* ViewGame.m in Sources */,
				B5977F901C035A3600175174 /* SGSheetMenu.m in Sources */,
				B5108B2A1C044F34005F6CC6 /* UserQuestionReq.m in Sources */,
				B58211F21BFEEE6500168A57 /* main.m in Sources */,
				B570C5B91C11C7AF008A2C3F /* BulletPower.m in Sources */,
				B5CD9DE61C0835E700DABCAA /* PeopleInfoReq.m in Sources */,
				B5C3DE4C1C13DE8D00CA1C51 /* PreStartView.m in Sources */,
				B577228D1C04AE9700EE189E /* RankCell.m in Sources */,
				B5977F941C035B3A00175174 /* SliderView.m in Sources */,
				B53660C51C06ECC900D09686 /* LevelView.m in Sources */,
				B5CD9DCF1C0750DA00DABCAA /* LevelInfoReq.m in Sources */,
				B5108B301C045C0D005F6CC6 /* MainTabVC.m in Sources */,
				B5977F8F1C035A3600175174 /* SGGridMenu.m in Sources */,
				B57722921C04AFE400EE189E /* RankItem.m in Sources */,
				B51A02BB1C0850AE00610020 /* PowerInfoReq.m in Sources */,
				B5977F6A1C02BED000175174 /* LoginInputView.m in Sources */,
				B5977F711C03004000175174 /* UserInfoReq.m in Sources */,
				B5977F8C1C035A3600175174 /* SGActionView.m in Sources */,
			);
			runOnlyForDeploymentPostprocessing = 0;
		};
/* End PBXSourcesBuildPhase section */

/* Begin PBXVariantGroup section */
		B58211FE1BFEEE6500168A57 /* LaunchScreen.storyboard */ = {
			isa = PBXVariantGroup;
			children = (
				B58211FF1BFEEE6500168A57 /* Base */,
			);
			name = LaunchScreen.storyboard;
			sourceTree = "<group>";
		};
/* End PBXVariantGroup section */

/* Begin XCBuildConfiguration section */
		B58212021BFEEE6500168A57 /* Debug */ = {
			isa = XCBuildConfiguration;
			buildSettings = {
				ALWAYS_SEARCH_USER_PATHS = NO;
				CLANG_CXX_LANGUAGE_STANDARD = "gnu++0x";
				CLANG_CXX_LIBRARY = "libc++";
				CLANG_ENABLE_MODULES = YES;
				CLANG_ENABLE_OBJC_ARC = YES;
				CLANG_WARN_BOOL_CONVERSION = YES;
				CLANG_WARN_CONSTANT_CONVERSION = YES;
				CLANG_WARN_DIRECT_OBJC_ISA_USAGE = YES_ERROR;
				CLANG_WARN_EMPTY_BODY = YES;
				CLANG_WARN_ENUM_CONVERSION = YES;
				CLANG_WARN_INT_CONVERSION = YES;
				CLANG_WARN_OBJC_ROOT_CLASS = YES_ERROR;
				CLANG_WARN_UNREACHABLE_CODE = YES;
				CLANG_WARN__DUPLICATE_METHOD_MATCH = YES;
				"CODE_SIGN_IDENTITY[sdk=iphoneos*]" = "iPhone Developer";
				COPY_PHASE_STRIP = NO;
				DEBUG_INFORMATION_FORMAT = dwarf;
				ENABLE_STRICT_OBJC_MSGSEND = YES;
				ENABLE_TESTABILITY = YES;
				GCC_C_LANGUAGE_STANDARD = gnu99;
				GCC_DYNAMIC_NO_PIC = NO;
				GCC_NO_COMMON_BLOCKS = YES;
				GCC_OPTIMIZATION_LEVEL = 0;
				GCC_PREPROCESSOR_DEFINITIONS = (
					"DEBUG=1",
					"$(inherited)",
				);
				GCC_WARN_64_TO_32_BIT_CONVERSION = YES;
				GCC_WARN_ABOUT_RETURN_TYPE = YES_ERROR;
				GCC_WARN_UNDECLARED_SELECTOR = YES;
				GCC_WARN_UNINITIALIZED_AUTOS = YES_AGGRESSIVE;
				GCC_WARN_UNUSED_FUNCTION = YES;
				GCC_WARN_UNUSED_VARIABLE = YES;
				IPHONEOS_DEPLOYMENT_TARGET = 9.1;
				MTL_ENABLE_DEBUG_INFO = YES;
				ONLY_ACTIVE_ARCH = YES;
				SDKROOT = iphoneos;
			};
			name = Debug;
		};
		B58212031BFEEE6500168A57 /* Release */ = {
			isa = XCBuildConfiguration;
			buildSettings = {
				ALWAYS_SEARCH_USER_PATHS = NO;
				CLANG_CXX_LANGUAGE_STANDARD = "gnu++0x";
				CLANG_CXX_LIBRARY = "libc++";
				CLANG_ENABLE_MODULES = YES;
				CLANG_ENABLE_OBJC_ARC = YES;
				CLANG_WARN_BOOL_CONVERSION = YES;
				CLANG_WARN_CONSTANT_CONVERSION = YES;
				CLANG_WARN_DIRECT_OBJC_ISA_USAGE = YES_ERROR;
				CLANG_WARN_EMPTY_BODY = YES;
				CLANG_WARN_ENUM_CONVERSION = YES;
				CLANG_WARN_INT_CONVERSION = YES;
				CLANG_WARN_OBJC_ROOT_CLASS = YES_ERROR;
				CLANG_WARN_UNREACHABLE_CODE = YES;
				CLANG_WARN__DUPLICATE_METHOD_MATCH = YES;
				"CODE_SIGN_IDENTITY[sdk=iphoneos*]" = "iPhone Developer";
				COPY_PHASE_STRIP = NO;
				DEBUG_INFORMATION_FORMAT = "dwarf-with-dsym";
				ENABLE_NS_ASSERTIONS = NO;
				ENABLE_STRICT_OBJC_MSGSEND = YES;
				GCC_C_LANGUAGE_STANDARD = gnu99;
				GCC_NO_COMMON_BLOCKS = YES;
				GCC_WARN_64_TO_32_BIT_CONVERSION = YES;
				GCC_WARN_ABOUT_RETURN_TYPE = YES_ERROR;
				GCC_WARN_UNDECLARED_SELECTOR = YES;
				GCC_WARN_UNINITIALIZED_AUTOS = YES_AGGRESSIVE;
				GCC_WARN_UNUSED_FUNCTION = YES;
				GCC_WARN_UNUSED_VARIABLE = YES;
				IPHONEOS_DEPLOYMENT_TARGET = 9.1;
				MTL_ENABLE_DEBUG_INFO = NO;
				SDKROOT = iphoneos;
				VALIDATE_PRODUCT = YES;
			};
			name = Release;
		};
		B58212051BFEEE6500168A57 /* Debug */ = {
			isa = XCBuildConfiguration;
			baseConfigurationReference = 012E798E76C4260698B6DEF4 /* Pods.debug.xcconfig */;
			buildSettings = {
				ASSETCATALOG_COMPILER_APPICON_NAME = AppIcon;
				CODE_SIGN_IDENTITY = "iPhone Developer";
				INFOPLIST_FILE = Boss/Info.plist;
				LD_RUNPATH_SEARCH_PATHS = "$(inherited) @executable_path/Frameworks";
				PRODUCT_BUNDLE_IDENTIFIER = test.Boss;
				PRODUCT_NAME = "$(TARGET_NAME)";
			};
			name = Debug;
		};
		B58212061BFEEE6500168A57 /* Release */ = {
			isa = XCBuildConfiguration;
			baseConfigurationReference = 314F08315C612BD5D16A7BF1 /* Pods.release.xcconfig */;
			buildSettings = {
				ASSETCATALOG_COMPILER_APPICON_NAME = AppIcon;
				CODE_SIGN_IDENTITY = "iPhone Developer";
				INFOPLIST_FILE = Boss/Info.plist;
				LD_RUNPATH_SEARCH_PATHS = "$(inherited) @executable_path/Frameworks";
				PRODUCT_BUNDLE_IDENTIFIER = test.Boss;
				PRODUCT_NAME = "$(TARGET_NAME)";
			};
			name = Release;
		};
/* End XCBuildConfiguration section */

/* Begin XCConfigurationList section */
		B58211E81BFEEE6500168A57 /* Build configuration list for PBXProject "Boss" */ = {
			isa = XCConfigurationList;
			buildConfigurations = (
				B58212021BFEEE6500168A57 /* Debug */,
				B58212031BFEEE6500168A57 /* Release */,
			);
			defaultConfigurationIsVisible = 0;
			defaultConfigurationName = Release;
		};
		B58212041BFEEE6500168A57 /* Build configuration list for PBXNativeTarget "Boss" */ = {
			isa = XCConfigurationList;
			buildConfigurations = (
				B58212051BFEEE6500168A57 /* Debug */,
				B58212061BFEEE6500168A57 /* Release */,
			);
			defaultConfigurationIsVisible = 0;
			defaultConfigurationName = Release;
		};
/* End XCConfigurationList section */
	};
	rootObject = B58211E51BFEEE6500168A57 /* Project object */;
}
